
Microsoft Visual Studio Solution File, Format Version 12.00
# Visual Studio 2012
Project("{2150E333-8FDC-42A3-9474-1A3956D46DE8}") = "PublishScripts", "PublishScripts", "{8F89C052-5EAC-43B2-908A-7AC4F1DFDDAA}"
	ProjectSection(SolutionItems) = preProject
		PublishScripts\AzureWebsitePublishModule.psm1 = PublishScripts\AzureWebsitePublishModule.psm1
		PublishScripts\Publish-WebApplicationWebsite.ps1 = PublishScripts\Publish-WebApplicationWebsite.ps1
	EndProjectSection
EndProject
Project("{2150E333-8FDC-42A3-9474-1A3956D46DE8}") = "Configurations", "Configurations", "{AA8B5020-B906-4ABC-BD70-B160D25CF03D}"
	ProjectSection(SolutionItems) = preProject
		PublishScripts\Configurations\SpaceInvadersServer-WAWS-dev.json = PublishScripts\Configurations\SpaceInvadersServer-WAWS-dev.json
	EndProjectSection
EndProject
Project("{FAE04EC0-301F-11D3-BF4B-00C04F79EFBC}") = "SpaceInvaders.Api", "SpaceInvaders.Api\SpaceInvaders.Api.csproj", "{3A559BAB-0759-45D1-908C-C8C8091D1FFF}"
EndProject
Global
	GlobalSection(SolutionConfigurationPlatforms) = preSolution
		Debug|Any CPU = Debug|Any CPU
		Release|Any CPU = Release|Any CPU
	EndGlobalSection
	GlobalSection(ProjectConfigurationPlatforms) = postSolution
		{3A559BAB-0759-45D1-908C-C8C8091D1FFF}.Debug|Any CPU.ActiveCfg = Debug|Any CPU
		{3A559BAB-0759-45D1-908C-C8C8091D1FFF}.Debug|Any CPU.Build.0 = Debug|Any CPU
		{3A559BAB-0759-45D1-908C-C8C8091D1FFF}.Release|Any CPU.ActiveCfg = Release|Any CPU
		{3A559BAB-0759-45D1-908C-C8C8091D1FFF}.Release|Any CPU.Build.0 = Release|Any CPU
	EndGlobalSection
	GlobalSection(SolutionProperties) = preSolution
		HideSolutionNode = FALSE
	EndGlobalSection
	GlobalSection(NestedProjects) = preSolution
		{AA8B5020-B906-4ABC-BD70-B160D25CF03D} = {8F89C052-5EAC-43B2-908A-7AC4F1DFDDAA}
	EndGlobalSection
EndGlobal
